
Microsoft Visual Studio Solution File, Format Version 12.00
# Visual Studio Version 16
VisualStudioVersion = 16.0.31729.503
MinimumVisualStudioVersion = 10.0.40219.1
Project("{FAE04EC0-301F-11D3-BF4B-00C04F79EFBC}") = "pratikum week 14", "pratikum week 14\pratikum week 14.csproj", "{A23FF128-D5B8-4AFB-A3E8-7E1BD5B5872D}"
EndProject
Global
	GlobalSection(SolutionConfigurationPlatforms) = preSolution
		Debug|Any CPU = Debug|Any CPU
		Release|Any CPU = Release|Any CPU
	EndGlobalSection
	GlobalSection(ProjectConfigurationPlatforms) = postSolution
		{A23FF128-D5B8-4AFB-A3E8-7E1BD5B5872D}.Debug|Any CPU.ActiveCfg = Debug|Any CPU
		{A23FF128-D5B8-4AFB-A3E8-7E1BD5B5872D}.Debug|Any CPU.Build.0 = Debug|Any CPU
		{A23FF128-D5B8-4AFB-A3E8-7E1BD5B5872D}.Release|Any CPU.ActiveCfg = Release|Any CPU
		{A23FF128-D5B8-4AFB-A3E8-7E1BD5B5872D}.Release|Any CPU.Build.0 = Release|Any CPU
	EndGlobalSection
	GlobalSection(SolutionProperties) = preSolution
		HideSolutionNode = FALSE
	EndGlobalSection
	GlobalSection(ExtensibilityGlobals) = postSolution
		SolutionGuid = {6F78D8F4-FA19-4F74-A197-9853E70D9AA3}
	EndGlobalSection
EndGlobal
